# This file was autogenerated by Stack.
# You should not edit this file by hand.
# For more information, please see the documentation at:
#   https://docs.haskellstack.org/en/stable/lock_files

packages:
- completed:
    hackage: testcontainers-0.5.0.0@sha256:d7007ec5b9f592fad9c5723aeb4397896524c1d98d8d3efd712a430f876b9da6,2605
    pantry-tree:
      size: 1331
      sha256: ff37ec8220ce35fecd8f9ee51fa3cd7eb723ad931d489c2b38d3f3069e261b0e
  original:
    hackage: testcontainers-0.5.0.0
snapshots:
- completed:
    size: 619403
    url: https://raw.githubusercontent.com/commercialhaskell/stackage-snapshots/master/lts/19/27.yaml
    sha256: 1ecad1f0bd2c27de88dbff6572446cfdf647c615d58a7e2e2085c6b7dfc04176
  original: lts-19.27
